
Microsoft Visual Studio Solution File, Format Version 12.00
# Visual Studio Version 17
VisualStudioVersion = 17.1.32228.430
MinimumVisualStudioVersion = 10.0.40219.1
Project("{9A19103F-16F7-4668-BE54-9A1E7A4F7556}") = "LOG736_Labo1_Serveur", "LOG736_Labo1_Serveur.csproj", "{BEC57504-F235-4CC5-BC99-74822D5D2B04}"
EndProject
Project("{FAE04EC0-301F-11D3-BF4B-00C04F79EFBC}") = "ServerTest", "..\ServerTest\ServerTest.csproj", "{16039550-1D91-44D5-AA0C-4CFFC31510D4}"
EndProject
Global
	GlobalSection(SolutionConfigurationPlatforms) = preSolution
		Debug|Any CPU = Debug|Any CPU
		Release|Any CPU = Release|Any CPU
	EndGlobalSection
	GlobalSection(ProjectConfigurationPlatforms) = postSolution
		{BEC57504-F235-4CC5-BC99-74822D5D2B04}.Debug|Any CPU.ActiveCfg = Debug|Any CPU
		{BEC57504-F235-4CC5-BC99-74822D5D2B04}.Debug|Any CPU.Build.0 = Debug|Any CPU
		{BEC57504-F235-4CC5-BC99-74822D5D2B04}.Release|Any CPU.ActiveCfg = Release|Any CPU
		{BEC57504-F235-4CC5-BC99-74822D5D2B04}.Release|Any CPU.Build.0 = Release|Any CPU
		{16039550-1D91-44D5-AA0C-4CFFC31510D4}.Debug|Any CPU.ActiveCfg = Debug|Any CPU
		{16039550-1D91-44D5-AA0C-4CFFC31510D4}.Debug|Any CPU.Build.0 = Debug|Any CPU
		{16039550-1D91-44D5-AA0C-4CFFC31510D4}.Release|Any CPU.ActiveCfg = Release|Any CPU
		{16039550-1D91-44D5-AA0C-4CFFC31510D4}.Release|Any CPU.Build.0 = Release|Any CPU
	EndGlobalSection
	GlobalSection(SolutionProperties) = preSolution
		HideSolutionNode = FALSE
	EndGlobalSection
	GlobalSection(ExtensibilityGlobals) = postSolution
		SolutionGuid = {8272FCE2-2384-47FB-B473-CE8C1CFE852D}
	EndGlobalSection
EndGlobal
