
Microsoft Visual Studio Solution File, Format Version 12.00
# Visual Studio Version 17
VisualStudioVersion = 17.1.32228.430
MinimumVisualStudioVersion = 10.0.40219.1
Project("{9A19103F-16F7-4668-BE54-9A1E7A4F7556}") = "LOG736_Labo1_Client", "LOG736_Labo1_Client.csproj", "{6F594EDA-E3E4-4A64-9C75-3A41EF97EBC3}"
EndProject
Project("{FAE04EC0-301F-11D3-BF4B-00C04F79EFBC}") = "ClientTest", "..\ClientTest\ClientTest.csproj", "{5176177E-4940-4BF9-9751-7F0E852DEA27}"
EndProject
Global
	GlobalSection(SolutionConfigurationPlatforms) = preSolution
		Debug|Any CPU = Debug|Any CPU
		Release|Any CPU = Release|Any CPU
	EndGlobalSection
	GlobalSection(ProjectConfigurationPlatforms) = postSolution
		{6F594EDA-E3E4-4A64-9C75-3A41EF97EBC3}.Debug|Any CPU.ActiveCfg = Debug|Any CPU
		{6F594EDA-E3E4-4A64-9C75-3A41EF97EBC3}.Debug|Any CPU.Build.0 = Debug|Any CPU
		{6F594EDA-E3E4-4A64-9C75-3A41EF97EBC3}.Release|Any CPU.ActiveCfg = Release|Any CPU
		{6F594EDA-E3E4-4A64-9C75-3A41EF97EBC3}.Release|Any CPU.Build.0 = Release|Any CPU
		{5176177E-4940-4BF9-9751-7F0E852DEA27}.Debug|Any CPU.ActiveCfg = Debug|Any CPU
		{5176177E-4940-4BF9-9751-7F0E852DEA27}.Debug|Any CPU.Build.0 = Debug|Any CPU
		{5176177E-4940-4BF9-9751-7F0E852DEA27}.Release|Any CPU.ActiveCfg = Release|Any CPU
		{5176177E-4940-4BF9-9751-7F0E852DEA27}.Release|Any CPU.Build.0 = Release|Any CPU
	EndGlobalSection
	GlobalSection(SolutionProperties) = preSolution
		HideSolutionNode = FALSE
	EndGlobalSection
	GlobalSection(ExtensibilityGlobals) = postSolution
		SolutionGuid = {72FEA260-8A07-4A03-8011-22DF4F407E27}
	EndGlobalSection
EndGlobal
